// !$*UTF8*$!
{
	archiveVersion = 1;
	classes = {
	};
	objectVersion = 56;
	objects = {

/* Begin PBXBuildFile section */
		26E5C9B32A979BB900D41A5F /* AppDelegate.swift in Sources */ = {isa = PBXBuildFile; fileRef = 26E5C9B22A979BB900D41A5F /* AppDelegate.swift */; };
		26E5C9B52A979BB900D41A5F /* SceneDelegate.swift in Sources */ = {isa = PBXBuildFile; fileRef = 26E5C9B42A979BB900D41A5F /* SceneDelegate.swift */; };
		26E5C9B72A979BB900D41A5F /* ViewController.swift in Sources */ = {isa = PBXBuildFile; fileRef = 26E5C9B62A979BB900D41A5F /* ViewController.swift */; };
		26E5C9BC2A979BBB00D41A5F /* Assets.xcassets in Resources */ = {isa = PBXBuildFile; fileRef = 26E5C9BB2A979BBB00D41A5F /* Assets.xcassets */; };
		26E5C9BF2A979BBB00D41A5F /* LaunchScreen.storyboard in Resources */ = {isa = PBXBuildFile; fileRef = 26E5C9BD2A979BBB00D41A5F /* LaunchScreen.storyboard */; };
		26E5C9C82A979DDC00D41A5F /* SnapKit in Frameworks */ = {isa = PBXBuildFile; productRef = 26E5C9C72A979DDC00D41A5F /* SnapKit */; };
		26E5C9CB2A97A15500D41A5F /* Ext+Transition.swift in Sources */ = {isa = PBXBuildFile; fileRef = 26E5C9CA2A97A15500D41A5F /* Ext+Transition.swift */; };
		26E5C9CD2A97A48700D41A5F /* NetflexDetailViewController.swift in Sources */ = {isa = PBXBuildFile; fileRef = 26E5C9CC2A97A48700D41A5F /* NetflexDetailViewController.swift */; };
		26E5C9CF2A97A49C00D41A5F /* LoginViewController.swift in Sources */ = {isa = PBXBuildFile; fileRef = 26E5C9CE2A97A49C00D41A5F /* LoginViewController.swift */; };
		26E5C9D22A97A51100D41A5F /* CustomTextFieldView.swift in Sources */ = {isa = PBXBuildFile; fileRef = 26E5C9D12A97A51100D41A5F /* CustomTextFieldView.swift */; };
		26E5C9DA2A97B10000D41A5F /* TopAreaView.swift in Sources */ = {isa = PBXBuildFile; fileRef = 26E5C9D92A97B10000D41A5F /* TopAreaView.swift */; };
		26E5C9DC2A97B65700D41A5F /* MiddleView.swift in Sources */ = {isa = PBXBuildFile; fileRef = 26E5C9DB2A97B65700D41A5F /* MiddleView.swift */; };
		26E5C9DE2A97BDFE00D41A5F /* BottomView.swift in Sources */ = {isa = PBXBuildFile; fileRef = 26E5C9DD2A97BDFE00D41A5F /* BottomView.swift */; };
		26F935832AB06D70005EAAC9 /* Observable.swift in Sources */ = {isa = PBXBuildFile; fileRef = 26F935822AB06D70005EAAC9 /* Observable.swift */; };
		26F935852AB06E96005EAAC9 /* NetFlexViewModel.swift in Sources */ = {isa = PBXBuildFile; fileRef = 26F935842AB06E96005EAAC9 /* NetFlexViewModel.swift */; };
/* End PBXBuildFile section */

/* Begin PBXFileReference section */
		26E5C9AF2A979BB900D41A5F /* code_CustomView_Generic_Project.app */ = {isa = PBXFileReference; explicitFileType = wrapper.application; includeInIndex = 0; path = code_CustomView_Generic_Project.app; sourceTree = BUILT_PRODUCTS_DIR; };
		26E5C9B22A979BB900D41A5F /* AppDelegate.swift */ = {isa = PBXFileReference; lastKnownFileType = sourcecode.swift; path = AppDelegate.swift; sourceTree = "<group>"; };
		26E5C9B42A979BB900D41A5F /* SceneDelegate.swift */ = {isa = PBXFileReference; lastKnownFileType = sourcecode.swift; path = SceneDelegate.swift; sourceTree = "<group>"; };
		26E5C9B62A979BB900D41A5F /* ViewController.swift */ = {isa = PBXFileReference; lastKnownFileType = sourcecode.swift; path = ViewController.swift; sourceTree = "<group>"; };
		26E5C9BB2A979BBB00D41A5F /* Assets.xcassets */ = {isa = PBXFileReference; lastKnownFileType = folder.assetcatalog; path = Assets.xcassets; sourceTree = "<group>"; };
		26E5C9BE2A979BBB00D41A5F /* Base */ = {isa = PBXFileReference; lastKnownFileType = file.storyboard; name = Base; path = Base.lproj/LaunchScreen.storyboard; sourceTree = "<group>"; };
		26E5C9C02A979BBB00D41A5F /* Info.plist */ = {isa = PBXFileReference; lastKnownFileType = text.plist.xml; path = Info.plist; sourceTree = "<group>"; };
		26E5C9CA2A97A15500D41A5F /* Ext+Transition.swift */ = {isa = PBXFileReference; lastKnownFileType = sourcecode.swift; path = "Ext+Transition.swift"; sourceTree = "<group>"; };
		26E5C9CC2A97A48700D41A5F /* NetflexDetailViewController.swift */ = {isa = PBXFileReference; lastKnownFileType = sourcecode.swift; path = NetflexDetailViewController.swift; sourceTree = "<group>"; };
		26E5C9CE2A97A49C00D41A5F /* LoginViewController.swift */ = {isa = PBXFileReference; lastKnownFileType = sourcecode.swift; path = LoginViewController.swift; sourceTree = "<group>"; };
		26E5C9D12A97A51100D41A5F /* CustomTextFieldView.swift */ = {isa = PBXFileReference; lastKnownFileType = sourcecode.swift; path = CustomTextFieldView.swift; sourceTree = "<group>"; };
		26E5C9D92A97B10000D41A5F /* TopAreaView.swift */ = {isa = PBXFileReference; lastKnownFileType = sourcecode.swift; path = TopAreaView.swift; sourceTree = "<group>"; };
		26E5C9DB2A97B65700D41A5F /* MiddleView.swift */ = {isa = PBXFileReference; lastKnownFileType = sourcecode.swift; path = MiddleView.swift; sourceTree = "<group>"; };
		26E5C9DD2A97BDFE00D41A5F /* BottomView.swift */ = {isa = PBXFileReference; lastKnownFileType = sourcecode.swift; path = BottomView.swift; sourceTree = "<group>"; };
		26F935822AB06D70005EAAC9 /* Observable.swift */ = {isa = PBXFileReference; lastKnownFileType = sourcecode.swift; path = Observable.swift; sourceTree = "<group>"; };
		26F935842AB06E96005EAAC9 /* NetFlexViewModel.swift */ = {isa = PBXFileReference; lastKnownFileType = sourcecode.swift; path = NetFlexViewModel.swift; sourceTree = "<group>"; };
/* End PBXFileReference section */

/* Begin PBXFrameworksBuildPhase section */
		26E5C9AC2A979BB900D41A5F /* Frameworks */ = {
			isa = PBXFrameworksBuildPhase;
			buildActionMask = 2147483647;
			files = (
				26E5C9C82A979DDC00D41A5F /* SnapKit in Frameworks */,
			);
			runOnlyForDeploymentPostprocessing = 0;
		};
/* End PBXFrameworksBuildPhase section */

/* Begin PBXGroup section */
		26E5C9A62A979BB900D41A5F = {
			isa = PBXGroup;
			children = (
				26E5C9B12A979BB900D41A5F /* code_CustomView_Generic_Project */,
				26E5C9B02A979BB900D41A5F /* Products */,
			);
			sourceTree = "<group>";
		};
		26E5C9B02A979BB900D41A5F /* Products */ = {
			isa = PBXGroup;
			children = (
				26E5C9AF2A979BB900D41A5F /* code_CustomView_Generic_Project.app */,
			);
			name = Products;
			sourceTree = "<group>";
		};
		26E5C9B12A979BB900D41A5F /* code_CustomView_Generic_Project */ = {
			isa = PBXGroup;
			children = (
				26E5C9D62A97AFC400D41A5F /* MainVC */,
				26E5C9D02A97A4F700D41A5F /* CustomView */,
				26E5C9C92A97A12E00D41A5F /* Generic */,
				26E5C9B22A979BB900D41A5F /* AppDelegate.swift */,
				26E5C9B42A979BB900D41A5F /* SceneDelegate.swift */,
				26E5C9BB2A979BBB00D41A5F /* Assets.xcassets */,
				26E5C9BD2A979BBB00D41A5F /* LaunchScreen.storyboard */,
				26E5C9C02A979BBB00D41A5F /* Info.plist */,
			);
			path = code_CustomView_Generic_Project;
			sourceTree = "<group>";
		};
		26E5C9C92A97A12E00D41A5F /* Generic */ = {
			isa = PBXGroup;
			children = (
				26E5C9CA2A97A15500D41A5F /* Ext+Transition.swift */,
			);
			path = Generic;
			sourceTree = "<group>";
		};
		26E5C9D02A97A4F700D41A5F /* CustomView */ = {
			isa = PBXGroup;
			children = (
				26E5C9D12A97A51100D41A5F /* CustomTextFieldView.swift */,
				26E5C9D82A97B0E800D41A5F /* CustomDetail */,
			);
			path = CustomView;
			sourceTree = "<group>";
		};
		26E5C9D32A97A78A00D41A5F /* LoginVC */ = {
			isa = PBXGroup;
			children = (
				26E5C9CE2A97A49C00D41A5F /* LoginViewController.swift */,
				26F935822AB06D70005EAAC9 /* Observable.swift */,
				26F935842AB06E96005EAAC9 /* NetFlexViewModel.swift */,
			);
			path = LoginVC;
			sourceTree = "<group>";
		};
		26E5C9D62A97AFC400D41A5F /* MainVC */ = {
			isa = PBXGroup;
			children = (
				26E5C9B62A979BB900D41A5F /* ViewController.swift */,
				26E5C9D72A97AFD100D41A5F /* DetailVC */,
				26E5C9D32A97A78A00D41A5F /* LoginVC */,
			);
			path = MainVC;
			sourceTree = "<group>";
		};
		26E5C9D72A97AFD100D41A5F /* DetailVC */ = {
			isa = PBXGroup;
			children = (
				26E5C9CC2A97A48700D41A5F /* NetflexDetailViewController.swift */,
			);
			path = DetailVC;
			sourceTree = "<group>";
		};
		26E5C9D82A97B0E800D41A5F /* CustomDetail */ = {
			isa = PBXGroup;
			children = (
				26E5C9D92A97B10000D41A5F /* TopAreaView.swift */,
				26E5C9DB2A97B65700D41A5F /* MiddleView.swift */,
				26E5C9DD2A97BDFE00D41A5F /* BottomView.swift */,
			);
			path = CustomDetail;
			sourceTree = "<group>";
		};
/* End PBXGroup section */

/* Begin PBXNativeTarget section */
		26E5C9AE2A979BB900D41A5F /* code_CustomView_Generic_Project */ = {
			isa = PBXNativeTarget;
			buildConfigurationList = 26E5C9C32A979BBB00D41A5F /* Build configuration list for PBXNativeTarget "code_CustomView_Generic_Project" */;
			buildPhases = (
				26E5C9AB2A979BB900D41A5F /* Sources */,
				26E5C9AC2A979BB900D41A5F /* Frameworks */,
				26E5C9AD2A979BB900D41A5F /* Resources */,
			);
			buildRules = (
			);
			dependencies = (
			);
			name = code_CustomView_Generic_Project;
			packageProductDependencies = (
				26E5C9C72A979DDC00D41A5F /* SnapKit */,
			);
			productName = code_CustomView_Generic_Project;
			productReference = 26E5C9AF2A979BB900D41A5F /* code_CustomView_Generic_Project.app */;
			productType = "com.apple.product-type.application";
		};
/* End PBXNativeTarget section */

/* Begin PBXProject section */
		26E5C9A72A979BB900D41A5F /* Project object */ = {
			isa = PBXProject;
			attributes = {
				BuildIndependentTargetsInParallel = 1;
				LastSwiftUpdateCheck = 1430;
				LastUpgradeCheck = 1430;
				TargetAttributes = {
					26E5C9AE2A979BB900D41A5F = {
						CreatedOnToolsVersion = 14.3.1;
					};
				};
			};
			buildConfigurationList = 26E5C9AA2A979BB900D41A5F /* Build configuration list for PBXProject "code_CustomView_Generic_Project" */;
			compatibilityVersion = "Xcode 14.0";
			developmentRegion = en;
			hasScannedForEncodings = 0;
			knownRegions = (
				en,
				Base,
			);
			mainGroup = 26E5C9A62A979BB900D41A5F;
			packageReferences = (
				26E5C9C62A979DDC00D41A5F /* XCRemoteSwiftPackageReference "SnapKit" */,
			);
			productRefGroup = 26E5C9B02A979BB900D41A5F /* Products */;
			projectDirPath = "";
			projectRoot = "";
			targets = (
				26E5C9AE2A979BB900D41A5F /* code_CustomView_Generic_Project */,
			);
		};
/* End PBXProject section */

/* Begin PBXResourcesBuildPhase section */
		26E5C9AD2A979BB900D41A5F /* Resources */ = {
			isa = PBXResourcesBuildPhase;
			buildActionMask = 2147483647;
			files = (
				26E5C9BF2A979BBB00D41A5F /* LaunchScreen.storyboard in Resources */,
				26E5C9BC2A979BBB00D41A5F /* Assets.xcassets in Resources */,
			);
			runOnlyForDeploymentPostprocessing = 0;
		};
/* End PBXResourcesBuildPhase section */

/* Begin PBXSourcesBuildPhase section */
		26E5C9AB2A979BB900D41A5F /* Sources */ = {
			isa = PBXSourcesBuildPhase;
			buildActionMask = 2147483647;
			files = (
				26F935832AB06D70005EAAC9 /* Observable.swift in Sources */,
				26E5C9CF2A97A49C00D41A5F /* LoginViewController.swift in Sources */,
				26E5C9B72A979BB900D41A5F /* ViewController.swift in Sources */,
				26F935852AB06E96005EAAC9 /* NetFlexViewModel.swift in Sources */,
				26E5C9B32A979BB900D41A5F /* AppDelegate.swift in Sources */,
				26E5C9DA2A97B10000D41A5F /* TopAreaView.swift in Sources */,
				26E5C9D22A97A51100D41A5F /* CustomTextFieldView.swift in Sources */,
				26E5C9CB2A97A15500D41A5F /* Ext+Transition.swift in Sources */,
				26E5C9DC2A97B65700D41A5F /* MiddleView.swift in Sources */,
				26E5C9B52A979BB900D41A5F /* SceneDelegate.swift in Sources */,
				26E5C9CD2A97A48700D41A5F /* NetflexDetailViewController.swift in Sources */,
				26E5C9DE2A97BDFE00D41A5F /* BottomView.swift in Sources */,
			);
			runOnlyForDeploymentPostprocessing = 0;
		};
/* End PBXSourcesBuildPhase section */

/* Begin PBXVariantGroup section */
		26E5C9BD2A979BBB00D41A5F /* LaunchScreen.storyboard */ = {
			isa = PBXVariantGroup;
			children = (
				26E5C9BE2A979BBB00D41A5F /* Base */,
			);
			name = LaunchScreen.storyboard;
			sourceTree = "<group>";
		};
/* End PBXVariantGroup section */

/* Begin XCBuildConfiguration section */
		26E5C9C12A979BBB00D41A5F /* Debug */ = {
			isa = XCBuildConfiguration;
			buildSettings = {
				ALWAYS_SEARCH_USER_PATHS = NO;
				CLANG_ANALYZER_NONNULL = YES;
				CLANG_ANALYZER_NUMBER_OBJECT_CONVERSION = YES_AGGRESSIVE;
				CLANG_CXX_LANGUAGE_STANDARD = "gnu++20";
				CLANG_ENABLE_MODULES = YES;
				CLANG_ENABLE_OBJC_ARC = YES;
				CLANG_ENABLE_OBJC_WEAK = YES;
				CLANG_WARN_BLOCK_CAPTURE_AUTORELEASING = YES;
				CLANG_WARN_BOOL_CONVERSION = YES;
				CLANG_WARN_COMMA = YES;
				CLANG_WARN_CONSTANT_CONVERSION = YES;
				CLANG_WARN_DEPRECATED_OBJC_IMPLEMENTATIONS = YES;
				CLANG_WARN_DIRECT_OBJC_ISA_USAGE = YES_ERROR;
				CLANG_WARN_DOCUMENTATION_COMMENTS = YES;
				CLANG_WARN_EMPTY_BODY = YES;
				CLANG_WARN_ENUM_CONVERSION = YES;
				CLANG_WARN_INFINITE_RECURSION = YES;
				CLANG_WARN_INT_CONVERSION = YES;
				CLANG_WARN_NON_LITERAL_NULL_CONVERSION = YES;
				CLANG_WARN_OBJC_IMPLICIT_RETAIN_SELF = YES;
				CLANG_WARN_OBJC_LITERAL_CONVERSION = YES;
				CLANG_WARN_OBJC_ROOT_CLASS = YES_ERROR;
				CLANG_WARN_QUOTED_INCLUDE_IN_FRAMEWORK_HEADER = YES;
				CLANG_WARN_RANGE_LOOP_ANALYSIS = YES;
				CLANG_WARN_STRICT_PROTOTYPES = YES;
				CLANG_WARN_SUSPICIOUS_MOVE = YES;
				CLANG_WARN_UNGUARDED_AVAILABILITY = YES_AGGRESSIVE;
				CLANG_WARN_UNREACHABLE_CODE = YES;
				CLANG_WARN__DUPLICATE_METHOD_MATCH = YES;
				COPY_PHASE_STRIP = NO;
				DEBUG_INFORMATION_FORMAT = dwarf;
				ENABLE_STRICT_OBJC_MSGSEND = YES;
				ENABLE_TESTABILITY = YES;
				GCC_C_LANGUAGE_STANDARD = gnu11;
				GCC_DYNAMIC_NO_PIC = NO;
				GCC_NO_COMMON_BLOCKS = YES;
				GCC_OPTIMIZATION_LEVEL = 0;
				GCC_PREPROCESSOR_DEFINITIONS = (
					"DEBUG=1",
					"$(inherited)",
				);
				GCC_WARN_64_TO_32_BIT_CONVERSION = YES;
				GCC_WARN_ABOUT_RETURN_TYPE = YES_ERROR;
				GCC_WARN_UNDECLARED_SELECTOR = YES;
				GCC_WARN_UNINITIALIZED_AUTOS = YES_AGGRESSIVE;
				GCC_WARN_UNUSED_FUNCTION = YES;
				GCC_WARN_UNUSED_VARIABLE = YES;
				IPHONEOS_DEPLOYMENT_TARGET = 16.4;
				MTL_ENABLE_DEBUG_INFO = INCLUDE_SOURCE;
				MTL_FAST_MATH = YES;
				ONLY_ACTIVE_ARCH = YES;
				SDKROOT = iphoneos;
				SWIFT_ACTIVE_COMPILATION_CONDITIONS = DEBUG;
				SWIFT_OPTIMIZATION_LEVEL = "-Onone";
			};
			name = Debug;
		};
		26E5C9C22A979BBB00D41A5F /* Release */ = {
			isa = XCBuildConfiguration;
			buildSettings = {
				ALWAYS_SEARCH_USER_PATHS = NO;
				CLANG_ANALYZER_NONNULL = YES;
				CLANG_ANALYZER_NUMBER_OBJECT_CONVERSION = YES_AGGRESSIVE;
				CLANG_CXX_LANGUAGE_STANDARD = "gnu++20";
				CLANG_ENABLE_MODULES = YES;
				CLANG_ENABLE_OBJC_ARC = YES;
				CLANG_ENABLE_OBJC_WEAK = YES;
				CLANG_WARN_BLOCK_CAPTURE_AUTORELEASING = YES;
				CLANG_WARN_BOOL_CONVERSION = YES;
				CLANG_WARN_COMMA = YES;
				CLANG_WARN_CONSTANT_CONVERSION = YES;
				CLANG_WARN_DEPRECATED_OBJC_IMPLEMENTATIONS = YES;
				CLANG_WARN_DIRECT_OBJC_ISA_USAGE = YES_ERROR;
				CLANG_WARN_DOCUMENTATION_COMMENTS = YES;
				CLANG_WARN_EMPTY_BODY = YES;
				CLANG_WARN_ENUM_CONVERSION = YES;
				CLANG_WARN_INFINITE_RECURSION = YES;
				CLANG_WARN_INT_CONVERSION = YES;
				CLANG_WARN_NON_LITERAL_NULL_CONVERSION = YES;
				CLANG_WARN_OBJC_IMPLICIT_RETAIN_SELF = YES;
				CLANG_WARN_OBJC_LITERAL_CONVERSION = YES;
				CLANG_WARN_OBJC_ROOT_CLASS = YES_ERROR;
				CLANG_WARN_QUOTED_INCLUDE_IN_FRAMEWORK_HEADER = YES;
				CLANG_WARN_RANGE_LOOP_ANALYSIS = YES;
				CLANG_WARN_STRICT_PROTOTYPES = YES;
				CLANG_WARN_SUSPICIOUS_MOVE = YES;
				CLANG_WARN_UNGUARDED_AVAILABILITY = YES_AGGRESSIVE;
				CLANG_WARN_UNREACHABLE_CODE = YES;
				CLANG_WARN__DUPLICATE_METHOD_MATCH = YES;
				COPY_PHASE_STRIP = NO;
				DEBUG_INFORMATION_FORMAT = "dwarf-with-dsym";
				ENABLE_NS_ASSERTIONS = NO;
				ENABLE_STRICT_OBJC_MSGSEND = YES;
				GCC_C_LANGUAGE_STANDARD = gnu11;
				GCC_NO_COMMON_BLOCKS = YES;
				GCC_WARN_64_TO_32_BIT_CONVERSION = YES;
				GCC_WARN_ABOUT_RETURN_TYPE = YES_ERROR;
				GCC_WARN_UNDECLARED_SELECTOR = YES;
				GCC_WARN_UNINITIALIZED_AUTOS = YES_AGGRESSIVE;
				GCC_WARN_UNUSED_FUNCTION = YES;
				GCC_WARN_UNUSED_VARIABLE = YES;
				IPHONEOS_DEPLOYMENT_TARGET = 16.4;
				MTL_ENABLE_DEBUG_INFO = NO;
				MTL_FAST_MATH = YES;
				SDKROOT = iphoneos;
				SWIFT_COMPILATION_MODE = wholemodule;
				SWIFT_OPTIMIZATION_LEVEL = "-O";
				VALIDATE_PRODUCT = YES;
			};
			name = Release;
		};
		26E5C9C42A979BBB00D41A5F /* Debug */ = {
			isa = XCBuildConfiguration;
			buildSettings = {
				ASSETCATALOG_COMPILER_APPICON_NAME = AppIcon;
				ASSETCATALOG_COMPILER_GLOBAL_ACCENT_COLOR_NAME = AccentColor;
				CODE_SIGN_STYLE = Automatic;
				CURRENT_PROJECT_VERSION = 1;
				GENERATE_INFOPLIST_FILE = YES;
				INFOPLIST_FILE = code_CustomView_Generic_Project/Info.plist;
				INFOPLIST_KEY_UIApplicationSupportsIndirectInputEvents = YES;
				INFOPLIST_KEY_UILaunchStoryboardName = LaunchScreen;
				INFOPLIST_KEY_UISupportedInterfaceOrientations_iPad = "UIInterfaceOrientationPortrait UIInterfaceOrientationPortraitUpsideDown UIInterfaceOrientationLandscapeLeft UIInterfaceOrientationLandscapeRight";
				INFOPLIST_KEY_UISupportedInterfaceOrientations_iPhone = "UIInterfaceOrientationPortrait UIInterfaceOrientationLandscapeLeft UIInterfaceOrientationLandscapeRight";
				LD_RUNPATH_SEARCH_PATHS = (
					"$(inherited)",
					"@executable_path/Frameworks",
				);
				MARKETING_VERSION = 1.0;
				PRODUCT_BUNDLE_IDENTIFIER = "com.present.code-CustomView-Generic-Project";
				PRODUCT_NAME = "$(TARGET_NAME)";
				SWIFT_EMIT_LOC_STRINGS = YES;
				SWIFT_VERSION = 5.0;
				TARGETED_DEVICE_FAMILY = "1,2";
			};
			name = Debug;
		};
		26E5C9C52A979BBB00D41A5F /* Release */ = {
			isa = XCBuildConfiguration;
			buildSettings = {
				ASSETCATALOG_COMPILER_APPICON_NAME = AppIcon;
				ASSETCATALOG_COMPILER_GLOBAL_ACCENT_COLOR_NAME = AccentColor;
				CODE_SIGN_STYLE = Automatic;
				CURRENT_PROJECT_VERSION = 1;
				GENERATE_INFOPLIST_FILE = YES;
				INFOPLIST_FILE = code_CustomView_Generic_Project/Info.plist;
				INFOPLIST_KEY_UIApplicationSupportsIndirectInputEvents = YES;
				INFOPLIST_KEY_UILaunchStoryboardName = LaunchScreen;
				INFOPLIST_KEY_UISupportedInterfaceOrientations_iPad = "UIInterfaceOrientationPortrait UIInterfaceOrientationPortraitUpsideDown UIInterfaceOrientationLandscapeLeft UIInterfaceOrientationLandscapeRight";
				INFOPLIST_KEY_UISupportedInterfaceOrientations_iPhone = "UIInterfaceOrientationPortrait UIInterfaceOrientationLandscapeLeft UIInterfaceOrientationLandscapeRight";
				LD_RUNPATH_SEARCH_PATHS = (
					"$(inherited)",
					"@executable_path/Frameworks",
				);
				MARKETING_VERSION = 1.0;
				PRODUCT_BUNDLE_IDENTIFIER = "com.present.code-CustomView-Generic-Project";
				PRODUCT_NAME = "$(TARGET_NAME)";
				SWIFT_EMIT_LOC_STRINGS = YES;
				SWIFT_VERSION = 5.0;
				TARGETED_DEVICE_FAMILY = "1,2";
			};
			name = Release;
		};
/* End XCBuildConfiguration section */

/* Begin XCConfigurationList section */
		26E5C9AA2A979BB900D41A5F /* Build configuration list for PBXProject "code_CustomView_Generic_Project" */ = {
			isa = XCConfigurationList;
			buildConfigurations = (
				26E5C9C12A979BBB00D41A5F /* Debug */,
				26E5C9C22A979BBB00D41A5F /* Release */,
			);
			defaultConfigurationIsVisible = 0;
			defaultConfigurationName = Release;
		};
		26E5C9C32A979BBB00D41A5F /* Build configuration list for PBXNativeTarget "code_CustomView_Generic_Project" */ = {
			isa = XCConfigurationList;
			buildConfigurations = (
				26E5C9C42A979BBB00D41A5F /* Debug */,
				26E5C9C52A979BBB00D41A5F /* Release */,
			);
			defaultConfigurationIsVisible = 0;
			defaultConfigurationName = Release;
		};
/* End XCConfigurationList section */

/* Begin XCRemoteSwiftPackageReference section */
		26E5C9C62A979DDC00D41A5F /* XCRemoteSwiftPackageReference "SnapKit" */ = {
			isa = XCRemoteSwiftPackageReference;
			repositoryURL = "https://github.com/SnapKit/SnapKit.git";
			requirement = {
				kind = upToNextMajorVersion;
				minimumVersion = 5.0.0;
			};
		};
/* End XCRemoteSwiftPackageReference section */

/* Begin XCSwiftPackageProductDependency section */
		26E5C9C72A979DDC00D41A5F /* SnapKit */ = {
			isa = XCSwiftPackageProductDependency;
			package = 26E5C9C62A979DDC00D41A5F /* XCRemoteSwiftPackageReference "SnapKit" */;
			productName = SnapKit;
		};
/* End XCSwiftPackageProductDependency section */
	};
	rootObject = 26E5C9A72A979BB900D41A5F /* Project object */;
}
